<?xml version="1.0" encoding="utf-8"?>
<Project ToolsVersion="4.0" xmlns="http://schemas.microsoft.com/developer/msbuild/2003">
  <ItemGroup>
    <Filter Include="Исходные файлы">
      <UniqueIdentifier>{4FC737F1-C7A5-4376-A066-2A32D752A2FF}</UniqueIdentifier>
      <Extensions>cpp;c;cc;cxx;c++;cppm;ixx;def;odl;idl;hpj;bat;asm;asmx</Extensions>
    </Filter>
    <Filter Include="Файлы заголовков">
      <UniqueIdentifier>{93995380-89BD-4b04-88EB-625FBE52EBFB}</UniqueIdentifier>
      <Extensions>h;hh;hpp;hxx;h++;hm;inl;inc;ipp;xsd</Extensions>
    </Filter>
    <Filter Include="Файлы ресурсов">
      <UniqueIdentifier>{67DA6AB6-F800-4c08-8B7A-83BB121AAD01}</UniqueIdentifier>
      <Extensions>rc;ico;cur;bmp;dlg;rc2;rct;bin;rgs;gif;jpg;jpeg;jpe;resx;tiff;tif;png;wav;mfcribbon-ms</Extensions>
    </Filter>
    <Filter Include="Файлы заголовков\Screen">
      <UniqueIdentifier>{bcdf3b24-f56e-4614-915a-875a8595efa9}</UniqueIdentifier>
    </Filter>
    <Filter Include="Исходные файлы\Screen">
      <UniqueIdentifier>{4e94f9e2-3812-4416-b7e6-e4eb34d318f0}</UniqueIdentifier>
    </Filter>
    <Filter Include="Исходные файлы\Framework">
      <UniqueIdentifier>{ab205c93-a68a-49e3-ad8f-ba48774eeb21}</UniqueIdentifier>
    </Filter>
    <Filter Include="Файлы заголовков\Configs">
      <UniqueIdentifier>{d775603f-7e0b-44f6-8b2e-30675a9c04c9}</UniqueIdentifier>
    </Filter>
    <Filter Include="Файлы заголовков\Framework">
      <UniqueIdentifier>{f051646d-607d-4ea0-8b10-43f9e5d85e51}</UniqueIdentifier>
    </Filter>
  </ItemGroup>
  <ItemGroup>
    <ClCompile Include="main.cpp">
      <Filter>Исходные файлы</Filter>
    </ClCompile>
    <ClCompile Include="ScreenScanner.cpp">
      <Filter>Исходные файлы\Screen</Filter>
    </ClCompile>
    <ClCompile Include="Configs.cpp">
      <Filter>Исходные файлы</Filter>
    </ClCompile>
    <ClCompile Include="Input.c">
      <Filter>Исходные файлы\Framework</Filter>
    </ClCompile>
  </ItemGroup>
  <ItemGroup>
    <ClInclude Include="ScreenScanner.h">
      <Filter>Файлы заголовков\Screen</Filter>
    </ClInclude>
    <ClInclude Include="Configs.h">
      <Filter>Файлы заголовков\Configs</Filter>
    </ClInclude>
    <ClInclude Include="Input.h">
      <Filter>Файлы заголовков\Framework</Filter>
    </ClInclude>
    <ClInclude Include="CallbackBase.hpp">
      <Filter>Файлы заголовков\Framework</Filter>
    </ClInclude>
    <ClInclude Include="Array.hpp">
      <Filter>Файлы заголовков\Framework</Filter>
    </ClInclude>
  </ItemGroup>
</Project>